// !$*UTF8*$!
{
	archiveVersion = 1;
	classes = {
	};
	objectVersion = 56;
	objects = {

/* Begin PBXBuildFile section */
		4E0A17C32A069B0B0073B861 /* NotificationTableViewCell.swift in Sources */ = {isa = PBXBuildFile; fileRef = 4E0A17C22A069B0B0073B861 /* NotificationTableViewCell.swift */; };
		4E0A17C52A06A0190073B861 /* NotificationsViewController.swift in Sources */ = {isa = PBXBuildFile; fileRef = 4E0A17C42A06A0190073B861 /* NotificationsViewController.swift */; };
		4E9A320429EC9BC800E21A03 /* AppDelegate.swift in Sources */ = {isa = PBXBuildFile; fileRef = 4E9A320329EC9BC800E21A03 /* AppDelegate.swift */; };
		4E9A320629EC9BC800E21A03 /* SceneDelegate.swift in Sources */ = {isa = PBXBuildFile; fileRef = 4E9A320529EC9BC800E21A03 /* SceneDelegate.swift */; };
		4E9A320829EC9BC800E21A03 /* FeaturedViewController.swift in Sources */ = {isa = PBXBuildFile; fileRef = 4E9A320729EC9BC800E21A03 /* FeaturedViewController.swift */; };
		4E9A320B29EC9BC800E21A03 /* Main.storyboard in Resources */ = {isa = PBXBuildFile; fileRef = 4E9A320929EC9BC800E21A03 /* Main.storyboard */; };
		4E9A320D29EC9BCA00E21A03 /* Assets.xcassets in Resources */ = {isa = PBXBuildFile; fileRef = 4E9A320C29EC9BCA00E21A03 /* Assets.xcassets */; };
		4E9A321029EC9BCA00E21A03 /* LaunchScreen.storyboard in Resources */ = {isa = PBXBuildFile; fileRef = 4E9A320E29EC9BCA00E21A03 /* LaunchScreen.storyboard */; };
		4E9A321D29ECC32300E21A03 /* CustomImageView.swift in Sources */ = {isa = PBXBuildFile; fileRef = 4E9A321C29ECC32300E21A03 /* CustomImageView.swift */; };
		4EBB726629ECCF8F00926788 /* CustomView.swift in Sources */ = {isa = PBXBuildFile; fileRef = 4EBB726529ECCF8F00926788 /* CustomView.swift */; };
		4EBB726829ECD01400926788 /* CustomBlurView.swift in Sources */ = {isa = PBXBuildFile; fileRef = 4EBB726729ECD01400926788 /* CustomBlurView.swift */; };
		4EBB726A29EE168C00926788 /* HandbookCollectionViewCell.swift in Sources */ = {isa = PBXBuildFile; fileRef = 4EBB726929EE168C00926788 /* HandbookCollectionViewCell.swift */; };
		4EBB72DB29F0554000926788 /* Course.swift in Sources */ = {isa = PBXBuildFile; fileRef = 4EBB72DA29F0554000926788 /* Course.swift */; };
		4EBB72E029F08C2F00926788 /* CoursesTableViewCell.swift in Sources */ = {isa = PBXBuildFile; fileRef = 4EBB72DF29F08C2F00926788 /* CoursesTableViewCell.swift */; };
		4EBB72E229F2DD6A00926788 /* CoursesViewController.swift in Sources */ = {isa = PBXBuildFile; fileRef = 4EBB72E129F2DD6A00926788 /* CoursesViewController.swift */; };
		4EBB72E429F2E07B00926788 /* Section.swift in Sources */ = {isa = PBXBuildFile; fileRef = 4EBB72E329F2E07B00926788 /* Section.swift */; };
		4EBB72EA29F84CC600926788 /* SectionTableViewCell.swift in Sources */ = {isa = PBXBuildFile; fileRef = 4EBB72E929F84CC600926788 /* SectionTableViewCell.swift */; };
		4EBB72EC29FD864200926788 /* CustomTabBarViewController.swift in Sources */ = {isa = PBXBuildFile; fileRef = 4EBB72EB29FD864200926788 /* CustomTabBarViewController.swift */; };
		4EBB72EE29FD9A8E00926788 /* SectionsCollectionViewCell.swift in Sources */ = {isa = PBXBuildFile; fileRef = 4EBB72ED29FD9A8E00926788 /* SectionsCollectionViewCell.swift */; };
		4EBB72F029FD9CC700926788 /* ExploreViewController.swift in Sources */ = {isa = PBXBuildFile; fileRef = 4EBB72EF29FD9CC700926788 /* ExploreViewController.swift */; };
		4EBB72F229FECAB800926788 /* TopicsTableViewCell.swift in Sources */ = {isa = PBXBuildFile; fileRef = 4EBB72F129FECAB800926788 /* TopicsTableViewCell.swift */; };
		4EBB72F429FECCEB00926788 /* Topic.swift in Sources */ = {isa = PBXBuildFile; fileRef = 4EBB72F329FECCEB00926788 /* Topic.swift */; };
		4EBB73172A00182F00926788 /* FirebaseAnalytics in Frameworks */ = {isa = PBXBuildFile; productRef = 4EBB73162A00182F00926788 /* FirebaseAnalytics */; };
		4EBB73192A00182F00926788 /* FirebaseAuth in Frameworks */ = {isa = PBXBuildFile; productRef = 4EBB73182A00182F00926788 /* FirebaseAuth */; };
		4EBB731B2A00182F00926788 /* FirebaseFirestore in Frameworks */ = {isa = PBXBuildFile; productRef = 4EBB731A2A00182F00926788 /* FirebaseFirestore */; };
		4EBB731D2A00182F00926788 /* FirebaseFirestoreSwift in Frameworks */ = {isa = PBXBuildFile; productRef = 4EBB731C2A00182F00926788 /* FirebaseFirestoreSwift */; };
		4EBB731F2A00182F00926788 /* FirebaseInAppMessaging-Beta in Frameworks */ = {isa = PBXBuildFile; productRef = 4EBB731E2A00182F00926788 /* FirebaseInAppMessaging-Beta */; };
		4EBB73212A00182F00926788 /* FirebaseMessaging in Frameworks */ = {isa = PBXBuildFile; productRef = 4EBB73202A00182F00926788 /* FirebaseMessaging */; };
		4EBB73232A00182F00926788 /* FirebasePerformance in Frameworks */ = {isa = PBXBuildFile; productRef = 4EBB73222A00182F00926788 /* FirebasePerformance */; };
		4EBB73252A00184C00926788 /* GoogleService-Info.plist in Resources */ = {isa = PBXBuildFile; fileRef = 4EBB73242A00184C00926788 /* GoogleService-Info.plist */; };
		4EBB73272A002E0300926788 /* LoginViewController.swift in Sources */ = {isa = PBXBuildFile; fileRef = 4EBB73262A002E0300926788 /* LoginViewController.swift */; };
		4EBB73292A01A37600926788 /* LibraryViewController.swift in Sources */ = {isa = PBXBuildFile; fileRef = 4EBB73282A01A37600926788 /* LibraryViewController.swift */; };
		4EBB73332A02CFD200926788 /* CertificateView.swift in Sources */ = {isa = PBXBuildFile; fileRef = 4EBB73302A02CFD200926788 /* CertificateView.swift */; };
		4EBB73342A02CFD200926788 /* CertificateItem.swift in Sources */ = {isa = PBXBuildFile; fileRef = 4EBB73312A02CFD200926788 /* CertificateItem.swift */; };
		4EBB73352A02CFD200926788 /* FlipView.swift in Sources */ = {isa = PBXBuildFile; fileRef = 4EBB73322A02CFD200926788 /* FlipView.swift */; };
/* End PBXBuildFile section */

/* Begin PBXFileReference section */
		4E0A17C22A069B0B0073B861 /* NotificationTableViewCell.swift */ = {isa = PBXFileReference; lastKnownFileType = sourcecode.swift; path = NotificationTableViewCell.swift; sourceTree = "<group>"; };
		4E0A17C42A06A0190073B861 /* NotificationsViewController.swift */ = {isa = PBXFileReference; lastKnownFileType = sourcecode.swift; path = NotificationsViewController.swift; sourceTree = "<group>"; };
		4E9A320029EC9BC800E21A03 /* Design+Code.app */ = {isa = PBXFileReference; explicitFileType = wrapper.application; includeInIndex = 0; path = "Design+Code.app"; sourceTree = BUILT_PRODUCTS_DIR; };
		4E9A320329EC9BC800E21A03 /* AppDelegate.swift */ = {isa = PBXFileReference; lastKnownFileType = sourcecode.swift; path = AppDelegate.swift; sourceTree = "<group>"; };
		4E9A320529EC9BC800E21A03 /* SceneDelegate.swift */ = {isa = PBXFileReference; lastKnownFileType = sourcecode.swift; path = SceneDelegate.swift; sourceTree = "<group>"; };
		4E9A320729EC9BC800E21A03 /* FeaturedViewController.swift */ = {isa = PBXFileReference; lastKnownFileType = sourcecode.swift; path = FeaturedViewController.swift; sourceTree = "<group>"; };
		4E9A320A29EC9BC800E21A03 /* Base */ = {isa = PBXFileReference; lastKnownFileType = file.storyboard; name = Base; path = Base.lproj/Main.storyboard; sourceTree = "<group>"; };
		4E9A320C29EC9BCA00E21A03 /* Assets.xcassets */ = {isa = PBXFileReference; lastKnownFileType = folder.assetcatalog; path = Assets.xcassets; sourceTree = "<group>"; };
		4E9A320F29EC9BCA00E21A03 /* Base */ = {isa = PBXFileReference; lastKnownFileType = file.storyboard; name = Base; path = Base.lproj/LaunchScreen.storyboard; sourceTree = "<group>"; };
		4E9A321129EC9BCA00E21A03 /* Info.plist */ = {isa = PBXFileReference; lastKnownFileType = text.plist.xml; path = Info.plist; sourceTree = "<group>"; };
		4E9A321C29ECC32300E21A03 /* CustomImageView.swift */ = {isa = PBXFileReference; lastKnownFileType = sourcecode.swift; path = CustomImageView.swift; sourceTree = "<group>"; };
		4EBB726529ECCF8F00926788 /* CustomView.swift */ = {isa = PBXFileReference; lastKnownFileType = sourcecode.swift; path = CustomView.swift; sourceTree = "<group>"; };
		4EBB726729ECD01400926788 /* CustomBlurView.swift */ = {isa = PBXFileReference; lastKnownFileType = sourcecode.swift; path = CustomBlurView.swift; sourceTree = "<group>"; };
		4EBB726929EE168C00926788 /* HandbookCollectionViewCell.swift */ = {isa = PBXFileReference; lastKnownFileType = sourcecode.swift; path = HandbookCollectionViewCell.swift; sourceTree = "<group>"; };
		4EBB72DA29F0554000926788 /* Course.swift */ = {isa = PBXFileReference; lastKnownFileType = sourcecode.swift; path = Course.swift; sourceTree = "<group>"; };
		4EBB72DF29F08C2F00926788 /* CoursesTableViewCell.swift */ = {isa = PBXFileReference; lastKnownFileType = sourcecode.swift; path = CoursesTableViewCell.swift; sourceTree = "<group>"; };
		4EBB72E129F2DD6A00926788 /* CoursesViewController.swift */ = {isa = PBXFileReference; lastKnownFileType = sourcecode.swift; path = CoursesViewController.swift; sourceTree = "<group>"; };
		4EBB72E329F2E07B00926788 /* Section.swift */ = {isa = PBXFileReference; lastKnownFileType = sourcecode.swift; path = Section.swift; sourceTree = "<group>"; };
		4EBB72E929F84CC600926788 /* SectionTableViewCell.swift */ = {isa = PBXFileReference; lastKnownFileType = sourcecode.swift; path = SectionTableViewCell.swift; sourceTree = "<group>"; };
		4EBB72EB29FD864200926788 /* CustomTabBarViewController.swift */ = {isa = PBXFileReference; lastKnownFileType = sourcecode.swift; path = CustomTabBarViewController.swift; sourceTree = "<group>"; };
		4EBB72ED29FD9A8E00926788 /* SectionsCollectionViewCell.swift */ = {isa = PBXFileReference; lastKnownFileType = sourcecode.swift; path = SectionsCollectionViewCell.swift; sourceTree = "<group>"; };
		4EBB72EF29FD9CC700926788 /* ExploreViewController.swift */ = {isa = PBXFileReference; lastKnownFileType = sourcecode.swift; path = ExploreViewController.swift; sourceTree = "<group>"; };
		4EBB72F129FECAB800926788 /* TopicsTableViewCell.swift */ = {isa = PBXFileReference; lastKnownFileType = sourcecode.swift; path = TopicsTableViewCell.swift; sourceTree = "<group>"; };
		4EBB72F329FECCEB00926788 /* Topic.swift */ = {isa = PBXFileReference; lastKnownFileType = sourcecode.swift; path = Topic.swift; sourceTree = "<group>"; };
		4EBB73242A00184C00926788 /* GoogleService-Info.plist */ = {isa = PBXFileReference; fileEncoding = 4; lastKnownFileType = text.plist.xml; path = "GoogleService-Info.plist"; sourceTree = "<group>"; };
		4EBB73262A002E0300926788 /* LoginViewController.swift */ = {isa = PBXFileReference; lastKnownFileType = sourcecode.swift; path = LoginViewController.swift; sourceTree = "<group>"; };
		4EBB73282A01A37600926788 /* LibraryViewController.swift */ = {isa = PBXFileReference; lastKnownFileType = sourcecode.swift; path = LibraryViewController.swift; sourceTree = "<group>"; };
		4EBB73302A02CFD200926788 /* CertificateView.swift */ = {isa = PBXFileReference; fileEncoding = 4; lastKnownFileType = sourcecode.swift; name = CertificateView.swift; path = "../../../../../Downloads/UIKit Part 2 Source File/Completed Project/UIKit for iOS 15/Views/CertificateView.swift"; sourceTree = "<group>"; };
		4EBB73312A02CFD200926788 /* CertificateItem.swift */ = {isa = PBXFileReference; fileEncoding = 4; lastKnownFileType = sourcecode.swift; name = CertificateItem.swift; path = "../../../../../Downloads/UIKit Part 2 Source File/Completed Project/UIKit for iOS 15/Views/CertificateItem.swift"; sourceTree = "<group>"; };
		4EBB73322A02CFD200926788 /* FlipView.swift */ = {isa = PBXFileReference; fileEncoding = 4; lastKnownFileType = sourcecode.swift; name = FlipView.swift; path = "../../../../../Downloads/UIKit Part 2 Source File/Completed Project/UIKit for iOS 15/Views/FlipView.swift"; sourceTree = "<group>"; };
/* End PBXFileReference section */

/* Begin PBXFrameworksBuildPhase section */
		4E9A31FD29EC9BC800E21A03 /* Frameworks */ = {
			isa = PBXFrameworksBuildPhase;
			buildActionMask = 2147483647;
			files = (
				4EBB73232A00182F00926788 /* FirebasePerformance in Frameworks */,
				4EBB73212A00182F00926788 /* FirebaseMessaging in Frameworks */,
				4EBB73172A00182F00926788 /* FirebaseAnalytics in Frameworks */,
				4EBB73192A00182F00926788 /* FirebaseAuth in Frameworks */,
				4EBB731B2A00182F00926788 /* FirebaseFirestore in Frameworks */,
				4EBB731D2A00182F00926788 /* FirebaseFirestoreSwift in Frameworks */,
				4EBB731F2A00182F00926788 /* FirebaseInAppMessaging-Beta in Frameworks */,
			);
			runOnlyForDeploymentPostprocessing = 0;
		};
/* End PBXFrameworksBuildPhase section */

/* Begin PBXGroup section */
		4E9A31F729EC9BC800E21A03 = {
			isa = PBXGroup;
			children = (
				4E9A320229EC9BC800E21A03 /* Design+Code */,
				4E9A320129EC9BC800E21A03 /* Products */,
			);
			sourceTree = "<group>";
		};
		4E9A320129EC9BC800E21A03 /* Products */ = {
			isa = PBXGroup;
			children = (
				4E9A320029EC9BC800E21A03 /* Design+Code.app */,
			);
			name = Products;
			sourceTree = "<group>";
		};
		4E9A320229EC9BC800E21A03 /* Design+Code */ = {
			isa = PBXGroup;
			children = (
				4E9A320329EC9BC800E21A03 /* AppDelegate.swift */,
				4E9A320529EC9BC800E21A03 /* SceneDelegate.swift */,
				4EBB732A2A02CC7500926788 /* Views */,
				4E9A321729ECBCE900E21A03 /* Helper */,
				4EBB72DC29F05C7700926788 /* View Controllers */,
				4EBB72DD29F05C9B00926788 /* Cells */,
				4EBB72DE29F05CA500926788 /* Classes */,
				4E9A320929EC9BC800E21A03 /* Main.storyboard */,
				4E9A320C29EC9BCA00E21A03 /* Assets.xcassets */,
				4E9A320E29EC9BCA00E21A03 /* LaunchScreen.storyboard */,
				4E9A321129EC9BCA00E21A03 /* Info.plist */,
				4EBB73242A00184C00926788 /* GoogleService-Info.plist */,
			);
			path = "Design+Code";
			sourceTree = "<group>";
		};
		4E9A321729ECBCE900E21A03 /* Helper */ = {
			isa = PBXGroup;
			children = (
				4E9A321C29ECC32300E21A03 /* CustomImageView.swift */,
				4EBB726529ECCF8F00926788 /* CustomView.swift */,
				4EBB726729ECD01400926788 /* CustomBlurView.swift */,
				4EBB72EB29FD864200926788 /* CustomTabBarViewController.swift */,
			);
			path = Helper;
			sourceTree = "<group>";
		};
		4EBB72DC29F05C7700926788 /* View Controllers */ = {
			isa = PBXGroup;
			children = (
				4E9A320729EC9BC800E21A03 /* FeaturedViewController.swift */,
				4EBB72E129F2DD6A00926788 /* CoursesViewController.swift */,
				4E0A17C42A06A0190073B861 /* NotificationsViewController.swift */,
				4EBB72EF29FD9CC700926788 /* ExploreViewController.swift */,
				4EBB73262A002E0300926788 /* LoginViewController.swift */,
				4EBB73282A01A37600926788 /* LibraryViewController.swift */,
			);
			path = "View Controllers";
			sourceTree = "<group>";
		};
		4EBB72DD29F05C9B00926788 /* Cells */ = {
			isa = PBXGroup;
			children = (
				4EBB726929EE168C00926788 /* HandbookCollectionViewCell.swift */,
				4EBB72DF29F08C2F00926788 /* CoursesTableViewCell.swift */,
				4EBB72E929F84CC600926788 /* SectionTableViewCell.swift */,
				4EBB72ED29FD9A8E00926788 /* SectionsCollectionViewCell.swift */,
				4EBB72F129FECAB800926788 /* TopicsTableViewCell.swift */,
				4E0A17C22A069B0B0073B861 /* NotificationTableViewCell.swift */,
			);
			path = Cells;
			sourceTree = "<group>";
		};
		4EBB72DE29F05CA500926788 /* Classes */ = {
			isa = PBXGroup;
			children = (
				4EBB72DA29F0554000926788 /* Course.swift */,
				4EBB72E329F2E07B00926788 /* Section.swift */,
				4EBB72F329FECCEB00926788 /* Topic.swift */,
			);
			path = Classes;
			sourceTree = "<group>";
		};
		4EBB732A2A02CC7500926788 /* Views */ = {
			isa = PBXGroup;
			children = (
				4EBB73312A02CFD200926788 /* CertificateItem.swift */,
				4EBB73302A02CFD200926788 /* CertificateView.swift */,
				4EBB73322A02CFD200926788 /* FlipView.swift */,
			);
			path = Views;
			sourceTree = "<group>";
		};
/* End PBXGroup section */

/* Begin PBXNativeTarget section */
		4E9A31FF29EC9BC800E21A03 /* Design+Code */ = {
			isa = PBXNativeTarget;
			buildConfigurationList = 4E9A321429EC9BCA00E21A03 /* Build configuration list for PBXNativeTarget "Design+Code" */;
			buildPhases = (
				4E9A31FC29EC9BC800E21A03 /* Sources */,
				4E9A31FD29EC9BC800E21A03 /* Frameworks */,
				4E9A31FE29EC9BC800E21A03 /* Resources */,
			);
			buildRules = (
			);
			dependencies = (
			);
			name = "Design+Code";
			packageProductDependencies = (
				4EBB73162A00182F00926788 /* FirebaseAnalytics */,
				4EBB73182A00182F00926788 /* FirebaseAuth */,
				4EBB731A2A00182F00926788 /* FirebaseFirestore */,
				4EBB731C2A00182F00926788 /* FirebaseFirestoreSwift */,
				4EBB731E2A00182F00926788 /* FirebaseInAppMessaging-Beta */,
				4EBB73202A00182F00926788 /* FirebaseMessaging */,
				4EBB73222A00182F00926788 /* FirebasePerformance */,
			);
			productName = "Design+Code";
			productReference = 4E9A320029EC9BC800E21A03 /* Design+Code.app */;
			productType = "com.apple.product-type.application";
		};
/* End PBXNativeTarget section */

/* Begin PBXProject section */
		4E9A31F829EC9BC800E21A03 /* Project object */ = {
			isa = PBXProject;
			attributes = {
				BuildIndependentTargetsInParallel = 1;
				LastSwiftUpdateCheck = 1430;
				LastUpgradeCheck = 1430;
				TargetAttributes = {
					4E9A31FF29EC9BC800E21A03 = {
						CreatedOnToolsVersion = 14.3;
					};
				};
			};
			buildConfigurationList = 4E9A31FB29EC9BC800E21A03 /* Build configuration list for PBXProject "Design+Code" */;
			compatibilityVersion = "Xcode 14.0";
			developmentRegion = en;
			hasScannedForEncodings = 0;
			knownRegions = (
				en,
				Base,
			);
			mainGroup = 4E9A31F729EC9BC800E21A03;
			packageReferences = (
				4EBB73152A00182F00926788 /* XCRemoteSwiftPackageReference "firebase-ios-sdk" */,
			);
			productRefGroup = 4E9A320129EC9BC800E21A03 /* Products */;
			projectDirPath = "";
			projectRoot = "";
			targets = (
				4E9A31FF29EC9BC800E21A03 /* Design+Code */,
			);
		};
/* End PBXProject section */

/* Begin PBXResourcesBuildPhase section */
		4E9A31FE29EC9BC800E21A03 /* Resources */ = {
			isa = PBXResourcesBuildPhase;
			buildActionMask = 2147483647;
			files = (
				4E9A321029EC9BCA00E21A03 /* LaunchScreen.storyboard in Resources */,
				4EBB73252A00184C00926788 /* GoogleService-Info.plist in Resources */,
				4E9A320D29EC9BCA00E21A03 /* Assets.xcassets in Resources */,
				4E9A320B29EC9BC800E21A03 /* Main.storyboard in Resources */,
			);
			runOnlyForDeploymentPostprocessing = 0;
		};
/* End PBXResourcesBuildPhase section */

/* Begin PBXSourcesBuildPhase section */
		4E9A31FC29EC9BC800E21A03 /* Sources */ = {
			isa = PBXSourcesBuildPhase;
			buildActionMask = 2147483647;
			files = (
				4EBB73272A002E0300926788 /* LoginViewController.swift in Sources */,
				4EBB72DB29F0554000926788 /* Course.swift in Sources */,
				4EBB73342A02CFD200926788 /* CertificateItem.swift in Sources */,
				4EBB73292A01A37600926788 /* LibraryViewController.swift in Sources */,
				4EBB726829ECD01400926788 /* CustomBlurView.swift in Sources */,
				4EBB72F029FD9CC700926788 /* ExploreViewController.swift in Sources */,
				4EBB726629ECCF8F00926788 /* CustomView.swift in Sources */,
				4EBB72E029F08C2F00926788 /* CoursesTableViewCell.swift in Sources */,
				4EBB72E429F2E07B00926788 /* Section.swift in Sources */,
				4E9A320829EC9BC800E21A03 /* FeaturedViewController.swift in Sources */,
				4E9A321D29ECC32300E21A03 /* CustomImageView.swift in Sources */,
				4EBB73352A02CFD200926788 /* FlipView.swift in Sources */,
				4E9A320429EC9BC800E21A03 /* AppDelegate.swift in Sources */,
				4EBB72F229FECAB800926788 /* TopicsTableViewCell.swift in Sources */,
				4EBB72EE29FD9A8E00926788 /* SectionsCollectionViewCell.swift in Sources */,
				4E0A17C52A06A0190073B861 /* NotificationsViewController.swift in Sources */,
				4E9A320629EC9BC800E21A03 /* SceneDelegate.swift in Sources */,
				4E0A17C32A069B0B0073B861 /* NotificationTableViewCell.swift in Sources */,
				4EBB72EA29F84CC600926788 /* SectionTableViewCell.swift in Sources */,
				4EBB726A29EE168C00926788 /* HandbookCollectionViewCell.swift in Sources */,
				4EBB72E229F2DD6A00926788 /* CoursesViewController.swift in Sources */,
				4EBB72EC29FD864200926788 /* CustomTabBarViewController.swift in Sources */,
				4EBB72F429FECCEB00926788 /* Topic.swift in Sources */,
				4EBB73332A02CFD200926788 /* CertificateView.swift in Sources */,
			);
			runOnlyForDeploymentPostprocessing = 0;
		};
/* End PBXSourcesBuildPhase section */

/* Begin PBXVariantGroup section */
		4E9A320929EC9BC800E21A03 /* Main.storyboard */ = {
			isa = PBXVariantGroup;
			children = (
				4E9A320A29EC9BC800E21A03 /* Base */,
			);
			name = Main.storyboard;
			sourceTree = "<group>";
		};
		4E9A320E29EC9BCA00E21A03 /* LaunchScreen.storyboard */ = {
			isa = PBXVariantGroup;
			children = (
				4E9A320F29EC9BCA00E21A03 /* Base */,
			);
			name = LaunchScreen.storyboard;
			sourceTree = "<group>";
		};
/* End PBXVariantGroup section */

/* Begin XCBuildConfiguration section */
		4E9A321229EC9BCA00E21A03 /* Debug */ = {
			isa = XCBuildConfiguration;
			buildSettings = {
				ALWAYS_SEARCH_USER_PATHS = NO;
				CLANG_ANALYZER_NONNULL = YES;
				CLANG_ANALYZER_NUMBER_OBJECT_CONVERSION = YES_AGGRESSIVE;
				CLANG_CXX_LANGUAGE_STANDARD = "gnu++20";
				CLANG_ENABLE_MODULES = YES;
				CLANG_ENABLE_OBJC_ARC = YES;
				CLANG_ENABLE_OBJC_WEAK = YES;
				CLANG_WARN_BLOCK_CAPTURE_AUTORELEASING = YES;
				CLANG_WARN_BOOL_CONVERSION = YES;
				CLANG_WARN_COMMA = YES;
				CLANG_WARN_CONSTANT_CONVERSION = YES;
				CLANG_WARN_DEPRECATED_OBJC_IMPLEMENTATIONS = YES;
				CLANG_WARN_DIRECT_OBJC_ISA_USAGE = YES_ERROR;
				CLANG_WARN_DOCUMENTATION_COMMENTS = YES;
				CLANG_WARN_EMPTY_BODY = YES;
				CLANG_WARN_ENUM_CONVERSION = YES;
				CLANG_WARN_INFINITE_RECURSION = YES;
				CLANG_WARN_INT_CONVERSION = YES;
				CLANG_WARN_NON_LITERAL_NULL_CONVERSION = YES;
				CLANG_WARN_OBJC_IMPLICIT_RETAIN_SELF = YES;
				CLANG_WARN_OBJC_LITERAL_CONVERSION = YES;
				CLANG_WARN_OBJC_ROOT_CLASS = YES_ERROR;
				CLANG_WARN_QUOTED_INCLUDE_IN_FRAMEWORK_HEADER = YES;
				CLANG_WARN_RANGE_LOOP_ANALYSIS = YES;
				CLANG_WARN_STRICT_PROTOTYPES = YES;
				CLANG_WARN_SUSPICIOUS_MOVE = YES;
				CLANG_WARN_UNGUARDED_AVAILABILITY = YES_AGGRESSIVE;
				CLANG_WARN_UNREACHABLE_CODE = YES;
				CLANG_WARN__DUPLICATE_METHOD_MATCH = YES;
				COPY_PHASE_STRIP = NO;
				DEBUG_INFORMATION_FORMAT = dwarf;
				ENABLE_STRICT_OBJC_MSGSEND = YES;
				ENABLE_TESTABILITY = YES;
				GCC_C_LANGUAGE_STANDARD = gnu11;
				GCC_DYNAMIC_NO_PIC = NO;
				GCC_NO_COMMON_BLOCKS = YES;
				GCC_OPTIMIZATION_LEVEL = 0;
				GCC_PREPROCESSOR_DEFINITIONS = (
					"DEBUG=1",
					"$(inherited)",
				);
				GCC_WARN_64_TO_32_BIT_CONVERSION = YES;
				GCC_WARN_ABOUT_RETURN_TYPE = YES_ERROR;
				GCC_WARN_UNDECLARED_SELECTOR = YES;
				GCC_WARN_UNINITIALIZED_AUTOS = YES_AGGRESSIVE;
				GCC_WARN_UNUSED_FUNCTION = YES;
				GCC_WARN_UNUSED_VARIABLE = YES;
				IPHONEOS_DEPLOYMENT_TARGET = 16.4;
				MTL_ENABLE_DEBUG_INFO = INCLUDE_SOURCE;
				MTL_FAST_MATH = YES;
				ONLY_ACTIVE_ARCH = YES;
				SDKROOT = iphoneos;
				SWIFT_ACTIVE_COMPILATION_CONDITIONS = DEBUG;
				SWIFT_OPTIMIZATION_LEVEL = "-Onone";
			};
			name = Debug;
		};
		4E9A321329EC9BCA00E21A03 /* Release */ = {
			isa = XCBuildConfiguration;
			buildSettings = {
				ALWAYS_SEARCH_USER_PATHS = NO;
				CLANG_ANALYZER_NONNULL = YES;
				CLANG_ANALYZER_NUMBER_OBJECT_CONVERSION = YES_AGGRESSIVE;
				CLANG_CXX_LANGUAGE_STANDARD = "gnu++20";
				CLANG_ENABLE_MODULES = YES;
				CLANG_ENABLE_OBJC_ARC = YES;
				CLANG_ENABLE_OBJC_WEAK = YES;
				CLANG_WARN_BLOCK_CAPTURE_AUTORELEASING = YES;
				CLANG_WARN_BOOL_CONVERSION = YES;
				CLANG_WARN_COMMA = YES;
				CLANG_WARN_CONSTANT_CONVERSION = YES;
				CLANG_WARN_DEPRECATED_OBJC_IMPLEMENTATIONS = YES;
				CLANG_WARN_DIRECT_OBJC_ISA_USAGE = YES_ERROR;
				CLANG_WARN_DOCUMENTATION_COMMENTS = YES;
				CLANG_WARN_EMPTY_BODY = YES;
				CLANG_WARN_ENUM_CONVERSION = YES;
				CLANG_WARN_INFINITE_RECURSION = YES;
				CLANG_WARN_INT_CONVERSION = YES;
				CLANG_WARN_NON_LITERAL_NULL_CONVERSION = YES;
				CLANG_WARN_OBJC_IMPLICIT_RETAIN_SELF = YES;
				CLANG_WARN_OBJC_LITERAL_CONVERSION = YES;
				CLANG_WARN_OBJC_ROOT_CLASS = YES_ERROR;
				CLANG_WARN_QUOTED_INCLUDE_IN_FRAMEWORK_HEADER = YES;
				CLANG_WARN_RANGE_LOOP_ANALYSIS = YES;
				CLANG_WARN_STRICT_PROTOTYPES = YES;
				CLANG_WARN_SUSPICIOUS_MOVE = YES;
				CLANG_WARN_UNGUARDED_AVAILABILITY = YES_AGGRESSIVE;
				CLANG_WARN_UNREACHABLE_CODE = YES;
				CLANG_WARN__DUPLICATE_METHOD_MATCH = YES;
				COPY_PHASE_STRIP = NO;
				DEBUG_INFORMATION_FORMAT = "dwarf-with-dsym";
				ENABLE_NS_ASSERTIONS = NO;
				ENABLE_STRICT_OBJC_MSGSEND = YES;
				GCC_C_LANGUAGE_STANDARD = gnu11;
				GCC_NO_COMMON_BLOCKS = YES;
				GCC_WARN_64_TO_32_BIT_CONVERSION = YES;
				GCC_WARN_ABOUT_RETURN_TYPE = YES_ERROR;
				GCC_WARN_UNDECLARED_SELECTOR = YES;
				GCC_WARN_UNINITIALIZED_AUTOS = YES_AGGRESSIVE;
				GCC_WARN_UNUSED_FUNCTION = YES;
				GCC_WARN_UNUSED_VARIABLE = YES;
				IPHONEOS_DEPLOYMENT_TARGET = 16.4;
				MTL_ENABLE_DEBUG_INFO = NO;
				MTL_FAST_MATH = YES;
				SDKROOT = iphoneos;
				SWIFT_COMPILATION_MODE = wholemodule;
				SWIFT_OPTIMIZATION_LEVEL = "-O";
				VALIDATE_PRODUCT = YES;
			};
			name = Release;
		};
		4E9A321529EC9BCA00E21A03 /* Debug */ = {
			isa = XCBuildConfiguration;
			buildSettings = {
				ASSETCATALOG_COMPILER_APPICON_NAME = AppIcon;
				ASSETCATALOG_COMPILER_GLOBAL_ACCENT_COLOR_NAME = AccentColor;
				CODE_SIGN_STYLE = Automatic;
				CURRENT_PROJECT_VERSION = 1;
				DEVELOPMENT_TEAM = 87W96M29JK;
				GENERATE_INFOPLIST_FILE = YES;
				INFOPLIST_FILE = "Design+Code/Info.plist";
				INFOPLIST_KEY_UIApplicationSupportsIndirectInputEvents = YES;
				INFOPLIST_KEY_UILaunchStoryboardName = LaunchScreen;
				INFOPLIST_KEY_UIMainStoryboardFile = Main;
				INFOPLIST_KEY_UISupportedInterfaceOrientations_iPad = "UIInterfaceOrientationPortrait UIInterfaceOrientationPortraitUpsideDown UIInterfaceOrientationLandscapeLeft UIInterfaceOrientationLandscapeRight";
				INFOPLIST_KEY_UISupportedInterfaceOrientations_iPhone = "UIInterfaceOrientationPortrait UIInterfaceOrientationLandscapeLeft UIInterfaceOrientationLandscapeRight";
				IPHONEOS_DEPLOYMENT_TARGET = 15.1;
				LD_RUNPATH_SEARCH_PATHS = (
					"$(inherited)",
					"@executable_path/Frameworks",
				);
				MARKETING_VERSION = 1.0;
				PRODUCT_BUNDLE_IDENTIFIER = "com.Torres.Design-Code";
				PRODUCT_NAME = "$(TARGET_NAME)";
				SWIFT_EMIT_LOC_STRINGS = YES;
				SWIFT_VERSION = 5.0;
				TARGETED_DEVICE_FAMILY = "1,2";
			};
			name = Debug;
		};
		4E9A321629EC9BCA00E21A03 /* Release */ = {
			isa = XCBuildConfiguration;
			buildSettings = {
				ASSETCATALOG_COMPILER_APPICON_NAME = AppIcon;
				ASSETCATALOG_COMPILER_GLOBAL_ACCENT_COLOR_NAME = AccentColor;
				CODE_SIGN_STYLE = Automatic;
				CURRENT_PROJECT_VERSION = 1;
				DEVELOPMENT_TEAM = 87W96M29JK;
				GENERATE_INFOPLIST_FILE = YES;
				INFOPLIST_FILE = "Design+Code/Info.plist";
				INFOPLIST_KEY_UIApplicationSupportsIndirectInputEvents = YES;
				INFOPLIST_KEY_UILaunchStoryboardName = LaunchScreen;
				INFOPLIST_KEY_UIMainStoryboardFile = Main;
				INFOPLIST_KEY_UISupportedInterfaceOrientations_iPad = "UIInterfaceOrientationPortrait UIInterfaceOrientationPortraitUpsideDown UIInterfaceOrientationLandscapeLeft UIInterfaceOrientationLandscapeRight";
				INFOPLIST_KEY_UISupportedInterfaceOrientations_iPhone = "UIInterfaceOrientationPortrait UIInterfaceOrientationLandscapeLeft UIInterfaceOrientationLandscapeRight";
				IPHONEOS_DEPLOYMENT_TARGET = 15.1;
				LD_RUNPATH_SEARCH_PATHS = (
					"$(inherited)",
					"@executable_path/Frameworks",
				);
				MARKETING_VERSION = 1.0;
				PRODUCT_BUNDLE_IDENTIFIER = "com.Torres.Design-Code";
				PRODUCT_NAME = "$(TARGET_NAME)";
				SWIFT_EMIT_LOC_STRINGS = YES;
				SWIFT_VERSION = 5.0;
				TARGETED_DEVICE_FAMILY = "1,2";
			};
			name = Release;
		};
/* End XCBuildConfiguration section */

/* Begin XCConfigurationList section */
		4E9A31FB29EC9BC800E21A03 /* Build configuration list for PBXProject "Design+Code" */ = {
			isa = XCConfigurationList;
			buildConfigurations = (
				4E9A321229EC9BCA00E21A03 /* Debug */,
				4E9A321329EC9BCA00E21A03 /* Release */,
			);
			defaultConfigurationIsVisible = 0;
			defaultConfigurationName = Release;
		};
		4E9A321429EC9BCA00E21A03 /* Build configuration list for PBXNativeTarget "Design+Code" */ = {
			isa = XCConfigurationList;
			buildConfigurations = (
				4E9A321529EC9BCA00E21A03 /* Debug */,
				4E9A321629EC9BCA00E21A03 /* Release */,
			);
			defaultConfigurationIsVisible = 0;
			defaultConfigurationName = Release;
		};
/* End XCConfigurationList section */

/* Begin XCRemoteSwiftPackageReference section */
		4EBB73152A00182F00926788 /* XCRemoteSwiftPackageReference "firebase-ios-sdk" */ = {
			isa = XCRemoteSwiftPackageReference;
			repositoryURL = "https://github.com/firebase/firebase-ios-sdk.git";
			requirement = {
				branch = master;
				kind = branch;
			};
		};
/* End XCRemoteSwiftPackageReference section */

/* Begin XCSwiftPackageProductDependency section */
		4EBB73162A00182F00926788 /* FirebaseAnalytics */ = {
			isa = XCSwiftPackageProductDependency;
			package = 4EBB73152A00182F00926788 /* XCRemoteSwiftPackageReference "firebase-ios-sdk" */;
			productName = FirebaseAnalytics;
		};
		4EBB73182A00182F00926788 /* FirebaseAuth */ = {
			isa = XCSwiftPackageProductDependency;
			package = 4EBB73152A00182F00926788 /* XCRemoteSwiftPackageReference "firebase-ios-sdk" */;
			productName = FirebaseAuth;
		};
		4EBB731A2A00182F00926788 /* FirebaseFirestore */ = {
			isa = XCSwiftPackageProductDependency;
			package = 4EBB73152A00182F00926788 /* XCRemoteSwiftPackageReference "firebase-ios-sdk" */;
			productName = FirebaseFirestore;
		};
		4EBB731C2A00182F00926788 /* FirebaseFirestoreSwift */ = {
			isa = XCSwiftPackageProductDependency;
			package = 4EBB73152A00182F00926788 /* XCRemoteSwiftPackageReference "firebase-ios-sdk" */;
			productName = FirebaseFirestoreSwift;
		};
		4EBB731E2A00182F00926788 /* FirebaseInAppMessaging-Beta */ = {
			isa = XCSwiftPackageProductDependency;
			package = 4EBB73152A00182F00926788 /* XCRemoteSwiftPackageReference "firebase-ios-sdk" */;
			productName = "FirebaseInAppMessaging-Beta";
		};
		4EBB73202A00182F00926788 /* FirebaseMessaging */ = {
			isa = XCSwiftPackageProductDependency;
			package = 4EBB73152A00182F00926788 /* XCRemoteSwiftPackageReference "firebase-ios-sdk" */;
			productName = FirebaseMessaging;
		};
		4EBB73222A00182F00926788 /* FirebasePerformance */ = {
			isa = XCSwiftPackageProductDependency;
			package = 4EBB73152A00182F00926788 /* XCRemoteSwiftPackageReference "firebase-ios-sdk" */;
			productName = FirebasePerformance;
		};
/* End XCSwiftPackageProductDependency section */
	};
	rootObject = 4E9A31F829EC9BC800E21A03 /* Project object */;
}
